
Microsoft Visual Studio Solution File, Format Version 12.00
# Visual Studio Version 16
VisualStudioVersion = 16.0.29230.47
MinimumVisualStudioVersion = 10.0.40219.1
Project("{FAE04EC0-301F-11D3-BF4B-00C04F79EFBC}") = "endersniper lite", "endersniper lite\endersniper lite.csproj", "{AF822947-A698-45ED-A0A3-BE9E793786F8}"
EndProject
Global
	GlobalSection(SolutionConfigurationPlatforms) = preSolution
		Debug|Any CPU = Debug|Any CPU
		Release|Any CPU = Release|Any CPU
	EndGlobalSection
	GlobalSection(ProjectConfigurationPlatforms) = postSolution
		{AF822947-A698-45ED-A0A3-BE9E793786F8}.Debug|Any CPU.ActiveCfg = Debug|Any CPU
		{AF822947-A698-45ED-A0A3-BE9E793786F8}.Debug|Any CPU.Build.0 = Debug|Any CPU
		{AF822947-A698-45ED-A0A3-BE9E793786F8}.Release|Any CPU.ActiveCfg = Release|Any CPU
		{AF822947-A698-45ED-A0A3-BE9E793786F8}.Release|Any CPU.Build.0 = Release|Any CPU
	EndGlobalSection
	GlobalSection(SolutionProperties) = preSolution
		HideSolutionNode = FALSE
	EndGlobalSection
	GlobalSection(ExtensibilityGlobals) = postSolution
		SolutionGuid = {D7ABE7C7-6C51-44F0-859C-31E674DDD56C}
	EndGlobalSection
EndGlobal
